
Microsoft Visual Studio Solution File, Format Version 12.00
# Visual Studio Version 17
VisualStudioVersion = 17.0.32112.339
MinimumVisualStudioVersion = 10.0.40219.1
Project("{FAE04EC0-301F-11D3-BF4B-00C04F79EFBC}") = "Practical Assignment", "Password Hashing\Practical Assignment.csproj", "{C859AC9B-EB00-4744-BFA7-745A3562A02C}"
EndProject
Global
	GlobalSection(SolutionConfigurationPlatforms) = preSolution
		Debug|Any CPU = Debug|Any CPU
		Release|Any CPU = Release|Any CPU
	EndGlobalSection
	GlobalSection(ProjectConfigurationPlatforms) = postSolution
		{C859AC9B-EB00-4744-BFA7-745A3562A02C}.Debug|Any CPU.ActiveCfg = Debug|Any CPU
		{C859AC9B-EB00-4744-BFA7-745A3562A02C}.Debug|Any CPU.Build.0 = Debug|Any CPU
		{C859AC9B-EB00-4744-BFA7-745A3562A02C}.Release|Any CPU.ActiveCfg = Release|Any CPU
		{C859AC9B-EB00-4744-BFA7-745A3562A02C}.Release|Any CPU.Build.0 = Release|Any CPU
	EndGlobalSection
	GlobalSection(SolutionProperties) = preSolution
		HideSolutionNode = FALSE
	EndGlobalSection
	GlobalSection(ExtensibilityGlobals) = postSolution
		SolutionGuid = {EE7146C4-8D29-44C7-85C4-027A9EE91199}
	EndGlobalSection
EndGlobal
